
Microsoft Visual Studio Solution File, Format Version 12.00
# Visual Studio Version 16
VisualStudioVersion = 16.0.32228.343
MinimumVisualStudioVersion = 10.0.40219.1
Project("{FAE04EC0-301F-11D3-BF4B-00C04F79EFBC}") = "Homework", "Homework\Homework.csproj", "{B6DCEBD6-88BA-4F13-8281-273140C8BF21}"
EndProject
Project("{9A19103F-16F7-4668-BE54-9A1E7A4F7556}") = "Classwork", "Microsoft\Classwork.csproj", "{336641F3-91CA-497B-8750-536449BEB292}"
EndProject
Global
	GlobalSection(SolutionConfigurationPlatforms) = preSolution
		Debug|Any CPU = Debug|Any CPU
		Release|Any CPU = Release|Any CPU
	EndGlobalSection
	GlobalSection(ProjectConfigurationPlatforms) = postSolution
		{B6DCEBD6-88BA-4F13-8281-273140C8BF21}.Debug|Any CPU.ActiveCfg = Debug|Any CPU
		{B6DCEBD6-88BA-4F13-8281-273140C8BF21}.Debug|Any CPU.Build.0 = Debug|Any CPU
		{B6DCEBD6-88BA-4F13-8281-273140C8BF21}.Release|Any CPU.ActiveCfg = Release|Any CPU
		{B6DCEBD6-88BA-4F13-8281-273140C8BF21}.Release|Any CPU.Build.0 = Release|Any CPU
		{336641F3-91CA-497B-8750-536449BEB292}.Debug|Any CPU.ActiveCfg = Debug|Any CPU
		{336641F3-91CA-497B-8750-536449BEB292}.Debug|Any CPU.Build.0 = Debug|Any CPU
		{336641F3-91CA-497B-8750-536449BEB292}.Release|Any CPU.ActiveCfg = Release|Any CPU
		{336641F3-91CA-497B-8750-536449BEB292}.Release|Any CPU.Build.0 = Release|Any CPU
	EndGlobalSection
	GlobalSection(SolutionProperties) = preSolution
		HideSolutionNode = FALSE
	EndGlobalSection
	GlobalSection(ExtensibilityGlobals) = postSolution
		SolutionGuid = {60BDA40D-9053-4887-B329-7FDE558E9FAE}
	EndGlobalSection
EndGlobal
